// !$*UTF8*$!
{
	archiveVersion = 1;
	classes = {
	};
	objectVersion = 56;
	objects = {

/* Begin PBXBuildFile section */
		559819A52A0B993E0084E5BD /* AppDelegate.swift in Sources */ = {isa = PBXBuildFile; fileRef = 559819A42A0B993E0084E5BD /* AppDelegate.swift */; };
		559819A72A0B993E0084E5BD /* SceneDelegate.swift in Sources */ = {isa = PBXBuildFile; fileRef = 559819A62A0B993E0084E5BD /* SceneDelegate.swift */; };
		559819AE2A0B99400084E5BD /* Assets.xcassets in Resources */ = {isa = PBXBuildFile; fileRef = 559819AD2A0B99400084E5BD /* Assets.xcassets */; };
		559819B12A0B99400084E5BD /* LaunchScreen.storyboard in Resources */ = {isa = PBXBuildFile; fileRef = 559819AF2A0B99400084E5BD /* LaunchScreen.storyboard */; };
		559819BA2A0BA1010084E5BD /* StartingViewController.swift in Sources */ = {isa = PBXBuildFile; fileRef = 559819B92A0BA1010084E5BD /* StartingViewController.swift */; };
		559819BF2A0BA39C0084E5BD /* UIButton + Extension.swift in Sources */ = {isa = PBXBuildFile; fileRef = 559819BE2A0BA39C0084E5BD /* UIButton + Extension.swift */; };
		559819C32A0BC9B40084E5BD /* SignUpViewController.swift in Sources */ = {isa = PBXBuildFile; fileRef = 559819C22A0BC9B40084E5BD /* SignUpViewController.swift */; };
		559819C52A0BCAD10084E5BD /* UITextField + Extension.swift in Sources */ = {isa = PBXBuildFile; fileRef = 559819C42A0BCAD10084E5BD /* UITextField + Extension.swift */; };
		559819C92A0BE17A0084E5BD /* LogInViewController.swift in Sources */ = {isa = PBXBuildFile; fileRef = 559819C82A0BE17A0084E5BD /* LogInViewController.swift */; };
		559819CB2A0D16B20084E5BD /* ResetPasswordViewController.swift in Sources */ = {isa = PBXBuildFile; fileRef = 559819CA2A0D16B20084E5BD /* ResetPasswordViewController.swift */; };
		559819CD2A0D19C50084E5BD /* ChatViewController.swift in Sources */ = {isa = PBXBuildFile; fileRef = 559819CC2A0D19C50084E5BD /* ChatViewController.swift */; };
		559819CF2A0D1E3F0084E5BD /* GoogleService-Info.plist in Resources */ = {isa = PBXBuildFile; fileRef = 559819CE2A0D1E3F0084E5BD /* GoogleService-Info.plist */; };
		559819D22A0D20000084E5BD /* FirebaseAnalytics in Frameworks */ = {isa = PBXBuildFile; productRef = 559819D12A0D20000084E5BD /* FirebaseAnalytics */; };
		559819D42A0D20000084E5BD /* FirebaseAuth in Frameworks */ = {isa = PBXBuildFile; productRef = 559819D32A0D20000084E5BD /* FirebaseAuth */; };
		559819D72A0D37C40084E5BD /* AuthService.swift in Sources */ = {isa = PBXBuildFile; fileRef = 559819D62A0D37C40084E5BD /* AuthService.swift */; };
		559819E12A0E6BCB0084E5BD /* PasswordDescriptionViewController.swift in Sources */ = {isa = PBXBuildFile; fileRef = 559819E02A0E6BCB0084E5BD /* PasswordDescriptionViewController.swift */; };
		559819ED2A12349D0084E5BD /* SetupProfileViewController.swift in Sources */ = {isa = PBXBuildFile; fileRef = 559819EC2A12349D0084E5BD /* SetupProfileViewController.swift */; };
		559819F12A17866F0084E5BD /* FirebaseFirestoreSwift in Frameworks */ = {isa = PBXBuildFile; productRef = 559819F02A17866F0084E5BD /* FirebaseFirestoreSwift */; };
		559819F32A1B5A800084E5BD /* String + Extension.swift in Sources */ = {isa = PBXBuildFile; fileRef = 559819F22A1B5A800084E5BD /* String + Extension.swift */; };
		559819F52A1CB8680084E5BD /* WaitingView.swift in Sources */ = {isa = PBXBuildFile; fileRef = 559819F42A1CB8680084E5BD /* WaitingView.swift */; };
		559819F82A1CD4F90084E5BD /* MessageKit in Frameworks */ = {isa = PBXBuildFile; productRef = 559819F72A1CD4F90084E5BD /* MessageKit */; };
		559819FA2A1CD66E0084E5BD /* Message.swift in Sources */ = {isa = PBXBuildFile; fileRef = 559819F92A1CD66E0084E5BD /* Message.swift */; };
		559819FC2A1CD8BF0084E5BD /* ChatUser.swift in Sources */ = {isa = PBXBuildFile; fileRef = 559819FB2A1CD8BF0084E5BD /* ChatUser.swift */; };
		559819FE2A1D036C0084E5BD /* Chat.swift in Sources */ = {isa = PBXBuildFile; fileRef = 559819FD2A1D036C0084E5BD /* Chat.swift */; };
		55981A002A1DF59C0084E5BD /* FirestoreService.swift in Sources */ = {isa = PBXBuildFile; fileRef = 559819FF2A1DF59C0084E5BD /* FirestoreService.swift */; };
		55D57AAF2A220AE60027006E /* UIViewController + Extension.swift in Sources */ = {isa = PBXBuildFile; fileRef = 55D57AAE2A220AE60027006E /* UIViewController + Extension.swift */; };
		55D57AB12A2343100027006E /* ListenerService.swift in Sources */ = {isa = PBXBuildFile; fileRef = 55D57AB02A2343100027006E /* ListenerService.swift */; };
		55D57AB32A2382E10027006E /* UIStackView + Extension.swift in Sources */ = {isa = PBXBuildFile; fileRef = 55D57AB22A2382E10027006E /* UIStackView + Extension.swift */; };
/* End PBXBuildFile section */

/* Begin PBXFileReference section */
		559819A12A0B993E0084E5BD /* JustChats.app */ = {isa = PBXFileReference; explicitFileType = wrapper.application; includeInIndex = 0; path = JustChats.app; sourceTree = BUILT_PRODUCTS_DIR; };
		559819A42A0B993E0084E5BD /* AppDelegate.swift */ = {isa = PBXFileReference; lastKnownFileType = sourcecode.swift; path = AppDelegate.swift; sourceTree = "<group>"; };
		559819A62A0B993E0084E5BD /* SceneDelegate.swift */ = {isa = PBXFileReference; lastKnownFileType = sourcecode.swift; path = SceneDelegate.swift; sourceTree = "<group>"; };
		559819AD2A0B99400084E5BD /* Assets.xcassets */ = {isa = PBXFileReference; lastKnownFileType = folder.assetcatalog; path = Assets.xcassets; sourceTree = "<group>"; };
		559819B02A0B99400084E5BD /* Base */ = {isa = PBXFileReference; lastKnownFileType = file.storyboard; name = Base; path = Base.lproj/LaunchScreen.storyboard; sourceTree = "<group>"; };
		559819B22A0B99400084E5BD /* Info.plist */ = {isa = PBXFileReference; lastKnownFileType = text.plist.xml; path = Info.plist; sourceTree = "<group>"; };
		559819B92A0BA1010084E5BD /* StartingViewController.swift */ = {isa = PBXFileReference; lastKnownFileType = sourcecode.swift; path = StartingViewController.swift; sourceTree = "<group>"; };
		559819BE2A0BA39C0084E5BD /* UIButton + Extension.swift */ = {isa = PBXFileReference; lastKnownFileType = sourcecode.swift; path = "UIButton + Extension.swift"; sourceTree = "<group>"; };
		559819C22A0BC9B40084E5BD /* SignUpViewController.swift */ = {isa = PBXFileReference; lastKnownFileType = sourcecode.swift; path = SignUpViewController.swift; sourceTree = "<group>"; };
		559819C42A0BCAD10084E5BD /* UITextField + Extension.swift */ = {isa = PBXFileReference; lastKnownFileType = sourcecode.swift; path = "UITextField + Extension.swift"; sourceTree = "<group>"; };
		559819C82A0BE17A0084E5BD /* LogInViewController.swift */ = {isa = PBXFileReference; lastKnownFileType = sourcecode.swift; path = LogInViewController.swift; sourceTree = "<group>"; };
		559819CA2A0D16B20084E5BD /* ResetPasswordViewController.swift */ = {isa = PBXFileReference; lastKnownFileType = sourcecode.swift; path = ResetPasswordViewController.swift; sourceTree = "<group>"; };
		559819CC2A0D19C50084E5BD /* ChatViewController.swift */ = {isa = PBXFileReference; lastKnownFileType = sourcecode.swift; path = ChatViewController.swift; sourceTree = "<group>"; };
		559819CE2A0D1E3F0084E5BD /* GoogleService-Info.plist */ = {isa = PBXFileReference; fileEncoding = 4; lastKnownFileType = text.plist.xml; path = "GoogleService-Info.plist"; sourceTree = "<group>"; };
		559819D62A0D37C40084E5BD /* AuthService.swift */ = {isa = PBXFileReference; lastKnownFileType = sourcecode.swift; path = AuthService.swift; sourceTree = "<group>"; };
		559819E02A0E6BCB0084E5BD /* PasswordDescriptionViewController.swift */ = {isa = PBXFileReference; lastKnownFileType = sourcecode.swift; path = PasswordDescriptionViewController.swift; sourceTree = "<group>"; };
		559819EC2A12349D0084E5BD /* SetupProfileViewController.swift */ = {isa = PBXFileReference; lastKnownFileType = sourcecode.swift; path = SetupProfileViewController.swift; sourceTree = "<group>"; };
		559819F22A1B5A800084E5BD /* String + Extension.swift */ = {isa = PBXFileReference; lastKnownFileType = sourcecode.swift; path = "String + Extension.swift"; sourceTree = "<group>"; };
		559819F42A1CB8680084E5BD /* WaitingView.swift */ = {isa = PBXFileReference; lastKnownFileType = sourcecode.swift; path = WaitingView.swift; sourceTree = "<group>"; };
		559819F92A1CD66E0084E5BD /* Message.swift */ = {isa = PBXFileReference; lastKnownFileType = sourcecode.swift; path = Message.swift; sourceTree = "<group>"; };
		559819FB2A1CD8BF0084E5BD /* ChatUser.swift */ = {isa = PBXFileReference; lastKnownFileType = sourcecode.swift; path = ChatUser.swift; sourceTree = "<group>"; };
		559819FD2A1D036C0084E5BD /* Chat.swift */ = {isa = PBXFileReference; lastKnownFileType = sourcecode.swift; path = Chat.swift; sourceTree = "<group>"; };
		559819FF2A1DF59C0084E5BD /* FirestoreService.swift */ = {isa = PBXFileReference; lastKnownFileType = sourcecode.swift; path = FirestoreService.swift; sourceTree = "<group>"; };
		55D57AAE2A220AE60027006E /* UIViewController + Extension.swift */ = {isa = PBXFileReference; lastKnownFileType = sourcecode.swift; path = "UIViewController + Extension.swift"; sourceTree = "<group>"; };
		55D57AB02A2343100027006E /* ListenerService.swift */ = {isa = PBXFileReference; lastKnownFileType = sourcecode.swift; path = ListenerService.swift; sourceTree = "<group>"; };
		55D57AB22A2382E10027006E /* UIStackView + Extension.swift */ = {isa = PBXFileReference; lastKnownFileType = sourcecode.swift; path = "UIStackView + Extension.swift"; sourceTree = "<group>"; };
/* End PBXFileReference section */

/* Begin PBXFrameworksBuildPhase section */
		5598199E2A0B993E0084E5BD /* Frameworks */ = {
			isa = PBXFrameworksBuildPhase;
			buildActionMask = 2147483647;
			files = (
				559819D22A0D20000084E5BD /* FirebaseAnalytics in Frameworks */,
				559819D42A0D20000084E5BD /* FirebaseAuth in Frameworks */,
				559819F12A17866F0084E5BD /* FirebaseFirestoreSwift in Frameworks */,
				559819F82A1CD4F90084E5BD /* MessageKit in Frameworks */,
			);
			runOnlyForDeploymentPostprocessing = 0;
		};
/* End PBXFrameworksBuildPhase section */

/* Begin PBXGroup section */
		559819982A0B993E0084E5BD = {
			isa = PBXGroup;
			children = (
				559819A32A0B993E0084E5BD /* JustChats */,
				559819CE2A0D1E3F0084E5BD /* GoogleService-Info.plist */,
				559819A22A0B993E0084E5BD /* Products */,
				559819E42A0FB58A0084E5BD /* Frameworks */,
			);
			sourceTree = "<group>";
		};
		559819A22A0B993E0084E5BD /* Products */ = {
			isa = PBXGroup;
			children = (
				559819A12A0B993E0084E5BD /* JustChats.app */,
			);
			name = Products;
			sourceTree = "<group>";
		};
		559819A32A0B993E0084E5BD /* JustChats */ = {
			isa = PBXGroup;
			children = (
				559819B82A0BA0120084E5BD /* App */,
				559819D52A0D37890084E5BD /* Services */,
				559819E72A1230090084E5BD /* Model */,
				559819DD2A0E6AD20084E5BD /* Views */,
				559819BB2A0BA2A00084E5BD /* Controllers */,
				559819BD2A0BA3430084E5BD /* Extensions */,
				559819BC2A0BA3060084E5BD /* Resourses */,
			);
			path = JustChats;
			sourceTree = "<group>";
		};
		559819B82A0BA0120084E5BD /* App */ = {
			isa = PBXGroup;
			children = (
				559819A42A0B993E0084E5BD /* AppDelegate.swift */,
				559819A62A0B993E0084E5BD /* SceneDelegate.swift */,
				559819B22A0B99400084E5BD /* Info.plist */,
			);
			path = App;
			sourceTree = "<group>";
		};
		559819BB2A0BA2A00084E5BD /* Controllers */ = {
			isa = PBXGroup;
			children = (
				559819B92A0BA1010084E5BD /* StartingViewController.swift */,
				559819C22A0BC9B40084E5BD /* SignUpViewController.swift */,
				559819E02A0E6BCB0084E5BD /* PasswordDescriptionViewController.swift */,
				559819C82A0BE17A0084E5BD /* LogInViewController.swift */,
				559819CA2A0D16B20084E5BD /* ResetPasswordViewController.swift */,
				559819EC2A12349D0084E5BD /* SetupProfileViewController.swift */,
				559819CC2A0D19C50084E5BD /* ChatViewController.swift */,
			);
			path = Controllers;
			sourceTree = "<group>";
		};
		559819BC2A0BA3060084E5BD /* Resourses */ = {
			isa = PBXGroup;
			children = (
				559819AD2A0B99400084E5BD /* Assets.xcassets */,
				559819AF2A0B99400084E5BD /* LaunchScreen.storyboard */,
			);
			path = Resourses;
			sourceTree = "<group>";
		};
		559819BD2A0BA3430084E5BD /* Extensions */ = {
			isa = PBXGroup;
			children = (
				559819BE2A0BA39C0084E5BD /* UIButton + Extension.swift */,
				559819C42A0BCAD10084E5BD /* UITextField + Extension.swift */,
				559819F22A1B5A800084E5BD /* String + Extension.swift */,
				55D57AAE2A220AE60027006E /* UIViewController + Extension.swift */,
				55D57AB22A2382E10027006E /* UIStackView + Extension.swift */,
			);
			path = Extensions;
			sourceTree = "<group>";
		};
		559819D52A0D37890084E5BD /* Services */ = {
			isa = PBXGroup;
			children = (
				559819D62A0D37C40084E5BD /* AuthService.swift */,
				559819FF2A1DF59C0084E5BD /* FirestoreService.swift */,
				55D57AB02A2343100027006E /* ListenerService.swift */,
			);
			path = Services;
			sourceTree = "<group>";
		};
		559819DD2A0E6AD20084E5BD /* Views */ = {
			isa = PBXGroup;
			children = (
				559819F42A1CB8680084E5BD /* WaitingView.swift */,
			);
			path = Views;
			sourceTree = "<group>";
		};
		559819E42A0FB58A0084E5BD /* Frameworks */ = {
			isa = PBXGroup;
			children = (
			);
			name = Frameworks;
			sourceTree = "<group>";
		};
		559819E72A1230090084E5BD /* Model */ = {
			isa = PBXGroup;
			children = (
				559819FB2A1CD8BF0084E5BD /* ChatUser.swift */,
				559819F92A1CD66E0084E5BD /* Message.swift */,
				559819FD2A1D036C0084E5BD /* Chat.swift */,
			);
			path = Model;
			sourceTree = "<group>";
		};
/* End PBXGroup section */

/* Begin PBXNativeTarget section */
		559819A02A0B993E0084E5BD /* JustChats */ = {
			isa = PBXNativeTarget;
			buildConfigurationList = 559819B52A0B99400084E5BD /* Build configuration list for PBXNativeTarget "JustChats" */;
			buildPhases = (
				5598199D2A0B993E0084E5BD /* Sources */,
				5598199E2A0B993E0084E5BD /* Frameworks */,
				5598199F2A0B993E0084E5BD /* Resources */,
			);
			buildRules = (
			);
			dependencies = (
			);
			name = JustChats;
			packageProductDependencies = (
				559819D12A0D20000084E5BD /* FirebaseAnalytics */,
				559819D32A0D20000084E5BD /* FirebaseAuth */,
				559819F02A17866F0084E5BD /* FirebaseFirestoreSwift */,
				559819F72A1CD4F90084E5BD /* MessageKit */,
			);
			productName = JustChats;
			productReference = 559819A12A0B993E0084E5BD /* JustChats.app */;
			productType = "com.apple.product-type.application";
		};
/* End PBXNativeTarget section */

/* Begin PBXProject section */
		559819992A0B993E0084E5BD /* Project object */ = {
			isa = PBXProject;
			attributes = {
				BuildIndependentTargetsInParallel = 1;
				LastSwiftUpdateCheck = 1430;
				LastUpgradeCheck = 1430;
				TargetAttributes = {
					559819A02A0B993E0084E5BD = {
						CreatedOnToolsVersion = 14.3;
					};
				};
			};
			buildConfigurationList = 5598199C2A0B993E0084E5BD /* Build configuration list for PBXProject "JustChats" */;
			compatibilityVersion = "Xcode 14.0";
			developmentRegion = en;
			hasScannedForEncodings = 0;
			knownRegions = (
				en,
				Base,
			);
			mainGroup = 559819982A0B993E0084E5BD;
			packageReferences = (
				559819D02A0D20000084E5BD /* XCRemoteSwiftPackageReference "firebase-ios-sdk" */,
				559819F62A1CD4F90084E5BD /* XCRemoteSwiftPackageReference "MessageKit" */,
			);
			productRefGroup = 559819A22A0B993E0084E5BD /* Products */;
			projectDirPath = "";
			projectRoot = "";
			targets = (
				559819A02A0B993E0084E5BD /* JustChats */,
			);
		};
/* End PBXProject section */

/* Begin PBXResourcesBuildPhase section */
		5598199F2A0B993E0084E5BD /* Resources */ = {
			isa = PBXResourcesBuildPhase;
			buildActionMask = 2147483647;
			files = (
				559819B12A0B99400084E5BD /* LaunchScreen.storyboard in Resources */,
				559819AE2A0B99400084E5BD /* Assets.xcassets in Resources */,
				559819CF2A0D1E3F0084E5BD /* GoogleService-Info.plist in Resources */,
			);
			runOnlyForDeploymentPostprocessing = 0;
		};
/* End PBXResourcesBuildPhase section */

/* Begin PBXSourcesBuildPhase section */
		5598199D2A0B993E0084E5BD /* Sources */ = {
			isa = PBXSourcesBuildPhase;
			buildActionMask = 2147483647;
			files = (
				559819C32A0BC9B40084E5BD /* SignUpViewController.swift in Sources */,
				559819C52A0BCAD10084E5BD /* UITextField + Extension.swift in Sources */,
				559819FE2A1D036C0084E5BD /* Chat.swift in Sources */,
				559819FC2A1CD8BF0084E5BD /* ChatUser.swift in Sources */,
				559819F32A1B5A800084E5BD /* String + Extension.swift in Sources */,
				559819BA2A0BA1010084E5BD /* StartingViewController.swift in Sources */,
				559819CB2A0D16B20084E5BD /* ResetPasswordViewController.swift in Sources */,
				55981A002A1DF59C0084E5BD /* FirestoreService.swift in Sources */,
				559819C92A0BE17A0084E5BD /* LogInViewController.swift in Sources */,
				559819ED2A12349D0084E5BD /* SetupProfileViewController.swift in Sources */,
				559819A52A0B993E0084E5BD /* AppDelegate.swift in Sources */,
				559819F52A1CB8680084E5BD /* WaitingView.swift in Sources */,
				559819A72A0B993E0084E5BD /* SceneDelegate.swift in Sources */,
				559819D72A0D37C40084E5BD /* AuthService.swift in Sources */,
				559819CD2A0D19C50084E5BD /* ChatViewController.swift in Sources */,
				55D57AB32A2382E10027006E /* UIStackView + Extension.swift in Sources */,
				55D57AAF2A220AE60027006E /* UIViewController + Extension.swift in Sources */,
				559819FA2A1CD66E0084E5BD /* Message.swift in Sources */,
				559819E12A0E6BCB0084E5BD /* PasswordDescriptionViewController.swift in Sources */,
				559819BF2A0BA39C0084E5BD /* UIButton + Extension.swift in Sources */,
				55D57AB12A2343100027006E /* ListenerService.swift in Sources */,
			);
			runOnlyForDeploymentPostprocessing = 0;
		};
/* End PBXSourcesBuildPhase section */

/* Begin PBXVariantGroup section */
		559819AF2A0B99400084E5BD /* LaunchScreen.storyboard */ = {
			isa = PBXVariantGroup;
			children = (
				559819B02A0B99400084E5BD /* Base */,
			);
			name = LaunchScreen.storyboard;
			sourceTree = "<group>";
		};
/* End PBXVariantGroup section */

/* Begin XCBuildConfiguration section */
		559819B32A0B99400084E5BD /* Debug */ = {
			isa = XCBuildConfiguration;
			buildSettings = {
				ALWAYS_SEARCH_USER_PATHS = NO;
				CLANG_ANALYZER_NONNULL = YES;
				CLANG_ANALYZER_NUMBER_OBJECT_CONVERSION = YES_AGGRESSIVE;
				CLANG_CXX_LANGUAGE_STANDARD = "gnu++20";
				CLANG_ENABLE_MODULES = YES;
				CLANG_ENABLE_OBJC_ARC = YES;
				CLANG_ENABLE_OBJC_WEAK = YES;
				CLANG_WARN_BLOCK_CAPTURE_AUTORELEASING = YES;
				CLANG_WARN_BOOL_CONVERSION = YES;
				CLANG_WARN_COMMA = YES;
				CLANG_WARN_CONSTANT_CONVERSION = YES;
				CLANG_WARN_DEPRECATED_OBJC_IMPLEMENTATIONS = YES;
				CLANG_WARN_DIRECT_OBJC_ISA_USAGE = YES_ERROR;
				CLANG_WARN_DOCUMENTATION_COMMENTS = YES;
				CLANG_WARN_EMPTY_BODY = YES;
				CLANG_WARN_ENUM_CONVERSION = YES;
				CLANG_WARN_INFINITE_RECURSION = YES;
				CLANG_WARN_INT_CONVERSION = YES;
				CLANG_WARN_NON_LITERAL_NULL_CONVERSION = YES;
				CLANG_WARN_OBJC_IMPLICIT_RETAIN_SELF = YES;
				CLANG_WARN_OBJC_LITERAL_CONVERSION = YES;
				CLANG_WARN_OBJC_ROOT_CLASS = YES_ERROR;
				CLANG_WARN_QUOTED_INCLUDE_IN_FRAMEWORK_HEADER = YES;
				CLANG_WARN_RANGE_LOOP_ANALYSIS = YES;
				CLANG_WARN_STRICT_PROTOTYPES = YES;
				CLANG_WARN_SUSPICIOUS_MOVE = YES;
				CLANG_WARN_UNGUARDED_AVAILABILITY = YES_AGGRESSIVE;
				CLANG_WARN_UNREACHABLE_CODE = YES;
				CLANG_WARN__DUPLICATE_METHOD_MATCH = YES;
				COPY_PHASE_STRIP = NO;
				DEBUG_INFORMATION_FORMAT = dwarf;
				ENABLE_STRICT_OBJC_MSGSEND = YES;
				ENABLE_TESTABILITY = YES;
				GCC_C_LANGUAGE_STANDARD = gnu11;
				GCC_DYNAMIC_NO_PIC = NO;
				GCC_NO_COMMON_BLOCKS = YES;
				GCC_OPTIMIZATION_LEVEL = 0;
				GCC_PREPROCESSOR_DEFINITIONS = (
					"DEBUG=1",
					"$(inherited)",
				);
				GCC_WARN_64_TO_32_BIT_CONVERSION = YES;
				GCC_WARN_ABOUT_RETURN_TYPE = YES_ERROR;
				GCC_WARN_UNDECLARED_SELECTOR = YES;
				GCC_WARN_UNINITIALIZED_AUTOS = YES_AGGRESSIVE;
				GCC_WARN_UNUSED_FUNCTION = YES;
				GCC_WARN_UNUSED_VARIABLE = YES;
				IPHONEOS_DEPLOYMENT_TARGET = 16.4;
				MTL_ENABLE_DEBUG_INFO = INCLUDE_SOURCE;
				MTL_FAST_MATH = YES;
				ONLY_ACTIVE_ARCH = YES;
				SDKROOT = iphoneos;
				SWIFT_ACTIVE_COMPILATION_CONDITIONS = DEBUG;
				SWIFT_OPTIMIZATION_LEVEL = "-Onone";
			};
			name = Debug;
		};
		559819B42A0B99400084E5BD /* Release */ = {
			isa = XCBuildConfiguration;
			buildSettings = {
				ALWAYS_SEARCH_USER_PATHS = NO;
				CLANG_ANALYZER_NONNULL = YES;
				CLANG_ANALYZER_NUMBER_OBJECT_CONVERSION = YES_AGGRESSIVE;
				CLANG_CXX_LANGUAGE_STANDARD = "gnu++20";
				CLANG_ENABLE_MODULES = YES;
				CLANG_ENABLE_OBJC_ARC = YES;
				CLANG_ENABLE_OBJC_WEAK = YES;
				CLANG_WARN_BLOCK_CAPTURE_AUTORELEASING = YES;
				CLANG_WARN_BOOL_CONVERSION = YES;
				CLANG_WARN_COMMA = YES;
				CLANG_WARN_CONSTANT_CONVERSION = YES;
				CLANG_WARN_DEPRECATED_OBJC_IMPLEMENTATIONS = YES;
				CLANG_WARN_DIRECT_OBJC_ISA_USAGE = YES_ERROR;
				CLANG_WARN_DOCUMENTATION_COMMENTS = YES;
				CLANG_WARN_EMPTY_BODY = YES;
				CLANG_WARN_ENUM_CONVERSION = YES;
				CLANG_WARN_INFINITE_RECURSION = YES;
				CLANG_WARN_INT_CONVERSION = YES;
				CLANG_WARN_NON_LITERAL_NULL_CONVERSION = YES;
				CLANG_WARN_OBJC_IMPLICIT_RETAIN_SELF = YES;
				CLANG_WARN_OBJC_LITERAL_CONVERSION = YES;
				CLANG_WARN_OBJC_ROOT_CLASS = YES_ERROR;
				CLANG_WARN_QUOTED_INCLUDE_IN_FRAMEWORK_HEADER = YES;
				CLANG_WARN_RANGE_LOOP_ANALYSIS = YES;
				CLANG_WARN_STRICT_PROTOTYPES = YES;
				CLANG_WARN_SUSPICIOUS_MOVE = YES;
				CLANG_WARN_UNGUARDED_AVAILABILITY = YES_AGGRESSIVE;
				CLANG_WARN_UNREACHABLE_CODE = YES;
				CLANG_WARN__DUPLICATE_METHOD_MATCH = YES;
				COPY_PHASE_STRIP = NO;
				DEBUG_INFORMATION_FORMAT = "dwarf-with-dsym";
				ENABLE_NS_ASSERTIONS = NO;
				ENABLE_STRICT_OBJC_MSGSEND = YES;
				GCC_C_LANGUAGE_STANDARD = gnu11;
				GCC_NO_COMMON_BLOCKS = YES;
				GCC_WARN_64_TO_32_BIT_CONVERSION = YES;
				GCC_WARN_ABOUT_RETURN_TYPE = YES_ERROR;
				GCC_WARN_UNDECLARED_SELECTOR = YES;
				GCC_WARN_UNINITIALIZED_AUTOS = YES_AGGRESSIVE;
				GCC_WARN_UNUSED_FUNCTION = YES;
				GCC_WARN_UNUSED_VARIABLE = YES;
				IPHONEOS_DEPLOYMENT_TARGET = 16.4;
				MTL_ENABLE_DEBUG_INFO = NO;
				MTL_FAST_MATH = YES;
				SDKROOT = iphoneos;
				SWIFT_COMPILATION_MODE = wholemodule;
				SWIFT_OPTIMIZATION_LEVEL = "-O";
				VALIDATE_PRODUCT = YES;
			};
			name = Release;
		};
		559819B62A0B99400084E5BD /* Debug */ = {
			isa = XCBuildConfiguration;
			buildSettings = {
				ASSETCATALOG_COMPILER_APPICON_NAME = AppIcon;
				ASSETCATALOG_COMPILER_GLOBAL_ACCENT_COLOR_NAME = AccentColor;
				CODE_SIGN_STYLE = Automatic;
				CURRENT_PROJECT_VERSION = 1;
				DEVELOPMENT_TEAM = 4KRJ9XKH55;
				GENERATE_INFOPLIST_FILE = YES;
				INFOPLIST_FILE = JustChats/App/Info.plist;
				INFOPLIST_KEY_UIApplicationSupportsIndirectInputEvents = YES;
				INFOPLIST_KEY_UILaunchStoryboardName = LaunchScreen;
				INFOPLIST_KEY_UISupportedInterfaceOrientations = UIInterfaceOrientationPortrait;
				INFOPLIST_KEY_UISupportedInterfaceOrientations_iPad = "UIInterfaceOrientationLandscapeLeft UIInterfaceOrientationLandscapeRight UIInterfaceOrientationPortrait UIInterfaceOrientationPortraitUpsideDown";
				IPHONEOS_DEPLOYMENT_TARGET = 15.5;
				LD_RUNPATH_SEARCH_PATHS = (
					"$(inherited)",
					"@executable_path/Frameworks",
				);
				MARKETING_VERSION = 1.0;
				PRODUCT_BUNDLE_IDENTIFIER = ru.AndreyAbakumov.JustChats;
				PRODUCT_NAME = "$(TARGET_NAME)";
				SUPPORTED_PLATFORMS = "iphoneos iphonesimulator";
				SUPPORTS_MACCATALYST = NO;
				SUPPORTS_MAC_DESIGNED_FOR_IPHONE_IPAD = NO;
				SWIFT_EMIT_LOC_STRINGS = YES;
				SWIFT_VERSION = 5.0;
				TARGETED_DEVICE_FAMILY = 1;
			};
			name = Debug;
		};
		559819B72A0B99400084E5BD /* Release */ = {
			isa = XCBuildConfiguration;
			buildSettings = {
				ASSETCATALOG_COMPILER_APPICON_NAME = AppIcon;
				ASSETCATALOG_COMPILER_GLOBAL_ACCENT_COLOR_NAME = AccentColor;
				CODE_SIGN_STYLE = Automatic;
				CURRENT_PROJECT_VERSION = 1;
				DEVELOPMENT_TEAM = 4KRJ9XKH55;
				GENERATE_INFOPLIST_FILE = YES;
				INFOPLIST_FILE = JustChats/App/Info.plist;
				INFOPLIST_KEY_UIApplicationSupportsIndirectInputEvents = YES;
				INFOPLIST_KEY_UILaunchStoryboardName = LaunchScreen;
				INFOPLIST_KEY_UISupportedInterfaceOrientations = UIInterfaceOrientationPortrait;
				INFOPLIST_KEY_UISupportedInterfaceOrientations_iPad = "UIInterfaceOrientationLandscapeLeft UIInterfaceOrientationLandscapeRight UIInterfaceOrientationPortrait UIInterfaceOrientationPortraitUpsideDown";
				IPHONEOS_DEPLOYMENT_TARGET = 15.5;
				LD_RUNPATH_SEARCH_PATHS = (
					"$(inherited)",
					"@executable_path/Frameworks",
				);
				MARKETING_VERSION = 1.0;
				PRODUCT_BUNDLE_IDENTIFIER = ru.AndreyAbakumov.JustChats;
				PRODUCT_NAME = "$(TARGET_NAME)";
				SUPPORTED_PLATFORMS = "iphoneos iphonesimulator";
				SUPPORTS_MACCATALYST = NO;
				SUPPORTS_MAC_DESIGNED_FOR_IPHONE_IPAD = NO;
				SWIFT_EMIT_LOC_STRINGS = YES;
				SWIFT_VERSION = 5.0;
				TARGETED_DEVICE_FAMILY = 1;
			};
			name = Release;
		};
/* End XCBuildConfiguration section */

/* Begin XCConfigurationList section */
		5598199C2A0B993E0084E5BD /* Build configuration list for PBXProject "JustChats" */ = {
			isa = XCConfigurationList;
			buildConfigurations = (
				559819B32A0B99400084E5BD /* Debug */,
				559819B42A0B99400084E5BD /* Release */,
			);
			defaultConfigurationIsVisible = 0;
			defaultConfigurationName = Release;
		};
		559819B52A0B99400084E5BD /* Build configuration list for PBXNativeTarget "JustChats" */ = {
			isa = XCConfigurationList;
			buildConfigurations = (
				559819B62A0B99400084E5BD /* Debug */,
				559819B72A0B99400084E5BD /* Release */,
			);
			defaultConfigurationIsVisible = 0;
			defaultConfigurationName = Release;
		};
/* End XCConfigurationList section */

/* Begin XCRemoteSwiftPackageReference section */
		559819D02A0D20000084E5BD /* XCRemoteSwiftPackageReference "firebase-ios-sdk" */ = {
			isa = XCRemoteSwiftPackageReference;
			repositoryURL = "https://github.com/firebase/firebase-ios-sdk";
			requirement = {
				kind = upToNextMajorVersion;
				minimumVersion = 10.0.0;
			};
		};
		559819F62A1CD4F90084E5BD /* XCRemoteSwiftPackageReference "MessageKit" */ = {
			isa = XCRemoteSwiftPackageReference;
			repositoryURL = "https://github.com/MessageKit/MessageKit";
			requirement = {
				kind = upToNextMajorVersion;
				minimumVersion = 4.0.0;
			};
		};
/* End XCRemoteSwiftPackageReference section */

/* Begin XCSwiftPackageProductDependency section */
		559819D12A0D20000084E5BD /* FirebaseAnalytics */ = {
			isa = XCSwiftPackageProductDependency;
			package = 559819D02A0D20000084E5BD /* XCRemoteSwiftPackageReference "firebase-ios-sdk" */;
			productName = FirebaseAnalytics;
		};
		559819D32A0D20000084E5BD /* FirebaseAuth */ = {
			isa = XCSwiftPackageProductDependency;
			package = 559819D02A0D20000084E5BD /* XCRemoteSwiftPackageReference "firebase-ios-sdk" */;
			productName = FirebaseAuth;
		};
		559819F02A17866F0084E5BD /* FirebaseFirestoreSwift */ = {
			isa = XCSwiftPackageProductDependency;
			package = 559819D02A0D20000084E5BD /* XCRemoteSwiftPackageReference "firebase-ios-sdk" */;
			productName = FirebaseFirestoreSwift;
		};
		559819F72A1CD4F90084E5BD /* MessageKit */ = {
			isa = XCSwiftPackageProductDependency;
			package = 559819F62A1CD4F90084E5BD /* XCRemoteSwiftPackageReference "MessageKit" */;
			productName = MessageKit;
		};
/* End XCSwiftPackageProductDependency section */
	};
	rootObject = 559819992A0B993E0084E5BD /* Project object */;
}
